
Microsoft Visual Studio Solution File, Format Version 12.00
# Visual Studio 15
VisualStudioVersion = 15.0.27428.2015
MinimumVisualStudioVersion = 10.0.40219.1
Project("{FAE04EC0-301F-11D3-BF4B-00C04F79EFBC}") = "Calculator", "Calculator\Calculator.csproj", "{9828509F-0885-42C8-BC4B-B6A3D6D2D085}"
EndProject
Project("{FAE04EC0-301F-11D3-BF4B-00C04F79EFBC}") = "GenericTypes", "GenericTypes\GenericTypes.csproj", "{3D2F41EE-5E65-457A-B92D-BC5FFBC540E9}"
EndProject
Project("{FAE04EC0-301F-11D3-BF4B-00C04F79EFBC}") = "JSonTester", "JSonTester\JSonTester.csproj", "{D32909F9-B9A9-4E72-B695-CAA480A5908D}"
EndProject
Project("{FAE04EC0-301F-11D3-BF4B-00C04F79EFBC}") = "SymbolExtractorEtoro_Test", "SymbolExtractorEtoro_Test\SymbolExtractorEtoro_Test.csproj", "{A04FC428-B988-41A6-9973-8D445ADF865B}"
EndProject
Project("{FAE04EC0-301F-11D3-BF4B-00C04F79EFBC}") = "StocksImportAndExport", "StocksImportAndExport\StocksImportAndExport.csproj", "{AA75356B-7482-4FA9-86CE-CB503407CF36}"
EndProject
Project("{FAE04EC0-301F-11D3-BF4B-00C04F79EFBC}") = "AutomatedTrading", "AutomatedTrading\AutomatedTrading.csproj", "{173C308A-F28A-4740-BB5F-B8E516B2E53F}"
EndProject
Project("{2150E333-8FDC-42A3-9474-1A3956D46DE8}") = "Real", "Real", "{EE0BA2C5-3F12-4775-9FB5-994BFA1CA4A8}"
EndProject
Project("{2150E333-8FDC-42A3-9474-1A3956D46DE8}") = "Test", "Test", "{815260F7-0C93-4AF8-A5BD-56BB62C533C8}"
EndProject
Project("{FAE04EC0-301F-11D3-BF4B-00C04F79EFBC}") = "RealLib", "Real\RealLib\RealLib.csproj", "{10D51180-D653-4860-BD9A-72A763280A24}"
EndProject
Project("{FAE04EC0-301F-11D3-BF4B-00C04F79EFBC}") = "TradingNotifierApp", "Real\TradingNotifierApp\TradingNotifierApp.csproj", "{7CC600ED-53B9-4D72-A1BC-982F9DD2D759}"
EndProject
Project("{2150E333-8FDC-42A3-9474-1A3956D46DE8}") = "Enums", "Enums", "{6375658B-3446-491A-81ED-AF6217D83E5A}"
EndProject
Project("{FAE04EC0-301F-11D3-BF4B-00C04F79EFBC}") = "MigrationDemo", "MigrationDemo\MigrationDemo.csproj", "{50EB6B58-13C7-454D-A89D-DADDFB74F9DB}"
EndProject
Project("{2150E333-8FDC-42A3-9474-1A3956D46DE8}") = "Entity", "Entity", "{D96556BB-4820-43BB-AF00-7681F3D45F18}"
EndProject
Project("{FAE04EC0-301F-11D3-BF4B-00C04F79EFBC}") = "Models", "Models\Models\Models.csproj", "{06B46620-C1F8-42D7-B3A7-A82FCFB6926E}"
EndProject
Project("{FAE04EC0-301F-11D3-BF4B-00C04F79EFBC}") = "ModelEntities", "ModelEntities\ModelEntities.csproj", "{DD8EF70E-BAFF-402C-AE4D-E631BD2869A0}"
EndProject
Project("{FAE04EC0-301F-11D3-BF4B-00C04F79EFBC}") = "SidesEnum", "SidesEnum\SidesEnum.csproj", "{2F3C18A2-6629-485B-B92C-03A2D137FC48}"
EndProject
Project("{2150E333-8FDC-42A3-9474-1A3956D46DE8}") = "Services", "Services", "{B88266AA-F20C-4A77-A01E-AE2FE6687831}"
EndProject
Project("{FAE04EC0-301F-11D3-BF4B-00C04F79EFBC}") = "Services", "Services\Services.csproj", "{15982E44-6A0A-46B6-B75E-40ADB2CF6C74}"
EndProject
Project("{FAE04EC0-301F-11D3-BF4B-00C04F79EFBC}") = "TickEnum", "TickEnum\TickEnum\TickEnum.csproj", "{64C1CFFD-B40D-4F65-BA6E-5F74BD3274B2}"
EndProject
Project("{FAE04EC0-301F-11D3-BF4B-00C04F79EFBC}") = "Simulator", "Simulator\Simulator.csproj", "{EDB21728-6BCE-4621-AE12-31C5B2B2CD2E}"
EndProject
Project("{FAE04EC0-301F-11D3-BF4B-00C04F79EFBC}") = "CalcStrategies", "CalcStrategies\CalcStrategies.csproj", "{F841EC15-4187-41F1-A30D-52CEFE53A8C8}"
EndProject
Project("{FAE04EC0-301F-11D3-BF4B-00C04F79EFBC}") = "CalcStrategies2", "CalcStrategies2\CalcStrategies2.csproj", "{20EE0F23-21CE-41B8-B6FD-AAFD3ADEC51D}"
EndProject
Global
	GlobalSection(SolutionConfigurationPlatforms) = preSolution
		Debug|Any CPU = Debug|Any CPU
		Debug|x64 = Debug|x64
		Release|Any CPU = Release|Any CPU
		Release|x64 = Release|x64
	EndGlobalSection
	GlobalSection(ProjectConfigurationPlatforms) = postSolution
		{9828509F-0885-42C8-BC4B-B6A3D6D2D085}.Debug|Any CPU.ActiveCfg = Debug|x64
		{9828509F-0885-42C8-BC4B-B6A3D6D2D085}.Debug|Any CPU.Build.0 = Debug|x64
		{9828509F-0885-42C8-BC4B-B6A3D6D2D085}.Debug|x64.ActiveCfg = Debug|x64
		{9828509F-0885-42C8-BC4B-B6A3D6D2D085}.Debug|x64.Build.0 = Debug|x64
		{9828509F-0885-42C8-BC4B-B6A3D6D2D085}.Release|Any CPU.ActiveCfg = Release|x64
		{9828509F-0885-42C8-BC4B-B6A3D6D2D085}.Release|Any CPU.Build.0 = Release|x64
		{9828509F-0885-42C8-BC4B-B6A3D6D2D085}.Release|x64.ActiveCfg = Release|x64
		{9828509F-0885-42C8-BC4B-B6A3D6D2D085}.Release|x64.Build.0 = Release|x64
		{3D2F41EE-5E65-457A-B92D-BC5FFBC540E9}.Debug|Any CPU.ActiveCfg = Debug|x64
		{3D2F41EE-5E65-457A-B92D-BC5FFBC540E9}.Debug|Any CPU.Build.0 = Debug|x64
		{3D2F41EE-5E65-457A-B92D-BC5FFBC540E9}.Debug|x64.ActiveCfg = Debug|x64
		{3D2F41EE-5E65-457A-B92D-BC5FFBC540E9}.Debug|x64.Build.0 = Debug|x64
		{3D2F41EE-5E65-457A-B92D-BC5FFBC540E9}.Release|Any CPU.ActiveCfg = Release|x64
		{3D2F41EE-5E65-457A-B92D-BC5FFBC540E9}.Release|Any CPU.Build.0 = Release|x64
		{3D2F41EE-5E65-457A-B92D-BC5FFBC540E9}.Release|x64.ActiveCfg = Release|x64
		{3D2F41EE-5E65-457A-B92D-BC5FFBC540E9}.Release|x64.Build.0 = Release|x64
		{D32909F9-B9A9-4E72-B695-CAA480A5908D}.Debug|Any CPU.ActiveCfg = Debug|x64
		{D32909F9-B9A9-4E72-B695-CAA480A5908D}.Debug|Any CPU.Build.0 = Debug|x64
		{D32909F9-B9A9-4E72-B695-CAA480A5908D}.Debug|x64.ActiveCfg = Debug|x64
		{D32909F9-B9A9-4E72-B695-CAA480A5908D}.Debug|x64.Build.0 = Debug|x64
		{D32909F9-B9A9-4E72-B695-CAA480A5908D}.Release|Any CPU.ActiveCfg = Release|x64
		{D32909F9-B9A9-4E72-B695-CAA480A5908D}.Release|Any CPU.Build.0 = Release|x64
		{D32909F9-B9A9-4E72-B695-CAA480A5908D}.Release|x64.ActiveCfg = Release|x64
		{D32909F9-B9A9-4E72-B695-CAA480A5908D}.Release|x64.Build.0 = Release|x64
		{A04FC428-B988-41A6-9973-8D445ADF865B}.Debug|Any CPU.ActiveCfg = Debug|x64
		{A04FC428-B988-41A6-9973-8D445ADF865B}.Debug|Any CPU.Build.0 = Debug|x64
		{A04FC428-B988-41A6-9973-8D445ADF865B}.Debug|x64.ActiveCfg = Debug|x64
		{A04FC428-B988-41A6-9973-8D445ADF865B}.Debug|x64.Build.0 = Debug|x64
		{A04FC428-B988-41A6-9973-8D445ADF865B}.Release|Any CPU.ActiveCfg = Release|x64
		{A04FC428-B988-41A6-9973-8D445ADF865B}.Release|Any CPU.Build.0 = Release|x64
		{A04FC428-B988-41A6-9973-8D445ADF865B}.Release|x64.ActiveCfg = Release|x64
		{A04FC428-B988-41A6-9973-8D445ADF865B}.Release|x64.Build.0 = Release|x64
		{AA75356B-7482-4FA9-86CE-CB503407CF36}.Debug|Any CPU.ActiveCfg = Debug|x64
		{AA75356B-7482-4FA9-86CE-CB503407CF36}.Debug|Any CPU.Build.0 = Debug|x64
		{AA75356B-7482-4FA9-86CE-CB503407CF36}.Debug|x64.ActiveCfg = Debug|x64
		{AA75356B-7482-4FA9-86CE-CB503407CF36}.Debug|x64.Build.0 = Debug|x64
		{AA75356B-7482-4FA9-86CE-CB503407CF36}.Release|Any CPU.ActiveCfg = Release|x64
		{AA75356B-7482-4FA9-86CE-CB503407CF36}.Release|Any CPU.Build.0 = Release|x64
		{AA75356B-7482-4FA9-86CE-CB503407CF36}.Release|x64.ActiveCfg = Release|x64
		{AA75356B-7482-4FA9-86CE-CB503407CF36}.Release|x64.Build.0 = Release|x64
		{173C308A-F28A-4740-BB5F-B8E516B2E53F}.Debug|Any CPU.ActiveCfg = Debug|x64
		{173C308A-F28A-4740-BB5F-B8E516B2E53F}.Debug|Any CPU.Build.0 = Debug|x64
		{173C308A-F28A-4740-BB5F-B8E516B2E53F}.Debug|x64.ActiveCfg = Debug|x64
		{173C308A-F28A-4740-BB5F-B8E516B2E53F}.Debug|x64.Build.0 = Debug|x64
		{173C308A-F28A-4740-BB5F-B8E516B2E53F}.Release|Any CPU.ActiveCfg = Release|x64
		{173C308A-F28A-4740-BB5F-B8E516B2E53F}.Release|Any CPU.Build.0 = Release|x64
		{173C308A-F28A-4740-BB5F-B8E516B2E53F}.Release|x64.ActiveCfg = Release|x64
		{173C308A-F28A-4740-BB5F-B8E516B2E53F}.Release|x64.Build.0 = Release|x64
		{10D51180-D653-4860-BD9A-72A763280A24}.Debug|Any CPU.ActiveCfg = Debug|x64
		{10D51180-D653-4860-BD9A-72A763280A24}.Debug|Any CPU.Build.0 = Debug|x64
		{10D51180-D653-4860-BD9A-72A763280A24}.Debug|x64.ActiveCfg = Debug|x64
		{10D51180-D653-4860-BD9A-72A763280A24}.Debug|x64.Build.0 = Debug|x64
		{10D51180-D653-4860-BD9A-72A763280A24}.Release|Any CPU.ActiveCfg = Release|x64
		{10D51180-D653-4860-BD9A-72A763280A24}.Release|Any CPU.Build.0 = Release|x64
		{10D51180-D653-4860-BD9A-72A763280A24}.Release|x64.ActiveCfg = Release|x64
		{10D51180-D653-4860-BD9A-72A763280A24}.Release|x64.Build.0 = Release|x64
		{7CC600ED-53B9-4D72-A1BC-982F9DD2D759}.Debug|Any CPU.ActiveCfg = Debug|x64
		{7CC600ED-53B9-4D72-A1BC-982F9DD2D759}.Debug|Any CPU.Build.0 = Debug|x64
		{7CC600ED-53B9-4D72-A1BC-982F9DD2D759}.Debug|x64.ActiveCfg = Debug|x64
		{7CC600ED-53B9-4D72-A1BC-982F9DD2D759}.Debug|x64.Build.0 = Debug|x64
		{7CC600ED-53B9-4D72-A1BC-982F9DD2D759}.Release|Any CPU.ActiveCfg = Release|x64
		{7CC600ED-53B9-4D72-A1BC-982F9DD2D759}.Release|Any CPU.Build.0 = Release|x64
		{7CC600ED-53B9-4D72-A1BC-982F9DD2D759}.Release|x64.ActiveCfg = Release|x64
		{7CC600ED-53B9-4D72-A1BC-982F9DD2D759}.Release|x64.Build.0 = Release|x64
		{50EB6B58-13C7-454D-A89D-DADDFB74F9DB}.Debug|Any CPU.ActiveCfg = Debug|x64
		{50EB6B58-13C7-454D-A89D-DADDFB74F9DB}.Debug|Any CPU.Build.0 = Debug|x64
		{50EB6B58-13C7-454D-A89D-DADDFB74F9DB}.Debug|x64.ActiveCfg = Debug|x64
		{50EB6B58-13C7-454D-A89D-DADDFB74F9DB}.Debug|x64.Build.0 = Debug|x64
		{50EB6B58-13C7-454D-A89D-DADDFB74F9DB}.Release|Any CPU.ActiveCfg = Release|x64
		{50EB6B58-13C7-454D-A89D-DADDFB74F9DB}.Release|Any CPU.Build.0 = Release|x64
		{50EB6B58-13C7-454D-A89D-DADDFB74F9DB}.Release|x64.ActiveCfg = Release|x64
		{50EB6B58-13C7-454D-A89D-DADDFB74F9DB}.Release|x64.Build.0 = Release|x64
		{06B46620-C1F8-42D7-B3A7-A82FCFB6926E}.Debug|Any CPU.ActiveCfg = Debug|x64
		{06B46620-C1F8-42D7-B3A7-A82FCFB6926E}.Debug|Any CPU.Build.0 = Debug|x64
		{06B46620-C1F8-42D7-B3A7-A82FCFB6926E}.Debug|x64.ActiveCfg = Debug|x64
		{06B46620-C1F8-42D7-B3A7-A82FCFB6926E}.Debug|x64.Build.0 = Debug|x64
		{06B46620-C1F8-42D7-B3A7-A82FCFB6926E}.Release|Any CPU.ActiveCfg = Release|x64
		{06B46620-C1F8-42D7-B3A7-A82FCFB6926E}.Release|Any CPU.Build.0 = Release|x64
		{06B46620-C1F8-42D7-B3A7-A82FCFB6926E}.Release|x64.ActiveCfg = Release|x64
		{06B46620-C1F8-42D7-B3A7-A82FCFB6926E}.Release|x64.Build.0 = Release|x64
		{DD8EF70E-BAFF-402C-AE4D-E631BD2869A0}.Debug|Any CPU.ActiveCfg = Debug|x64
		{DD8EF70E-BAFF-402C-AE4D-E631BD2869A0}.Debug|Any CPU.Build.0 = Debug|x64
		{DD8EF70E-BAFF-402C-AE4D-E631BD2869A0}.Debug|x64.ActiveCfg = Debug|x64
		{DD8EF70E-BAFF-402C-AE4D-E631BD2869A0}.Debug|x64.Build.0 = Debug|x64
		{DD8EF70E-BAFF-402C-AE4D-E631BD2869A0}.Release|Any CPU.ActiveCfg = Release|x64
		{DD8EF70E-BAFF-402C-AE4D-E631BD2869A0}.Release|Any CPU.Build.0 = Release|x64
		{DD8EF70E-BAFF-402C-AE4D-E631BD2869A0}.Release|x64.ActiveCfg = Release|x64
		{DD8EF70E-BAFF-402C-AE4D-E631BD2869A0}.Release|x64.Build.0 = Release|x64
		{2F3C18A2-6629-485B-B92C-03A2D137FC48}.Debug|Any CPU.ActiveCfg = Debug|x64
		{2F3C18A2-6629-485B-B92C-03A2D137FC48}.Debug|Any CPU.Build.0 = Debug|x64
		{2F3C18A2-6629-485B-B92C-03A2D137FC48}.Debug|x64.ActiveCfg = Debug|x64
		{2F3C18A2-6629-485B-B92C-03A2D137FC48}.Debug|x64.Build.0 = Debug|x64
		{2F3C18A2-6629-485B-B92C-03A2D137FC48}.Release|Any CPU.ActiveCfg = Release|x64
		{2F3C18A2-6629-485B-B92C-03A2D137FC48}.Release|Any CPU.Build.0 = Release|x64
		{2F3C18A2-6629-485B-B92C-03A2D137FC48}.Release|x64.ActiveCfg = Release|x64
		{2F3C18A2-6629-485B-B92C-03A2D137FC48}.Release|x64.Build.0 = Release|x64
		{15982E44-6A0A-46B6-B75E-40ADB2CF6C74}.Debug|Any CPU.ActiveCfg = Debug|x64
		{15982E44-6A0A-46B6-B75E-40ADB2CF6C74}.Debug|Any CPU.Build.0 = Debug|x64
		{15982E44-6A0A-46B6-B75E-40ADB2CF6C74}.Debug|x64.ActiveCfg = Debug|x64
		{15982E44-6A0A-46B6-B75E-40ADB2CF6C74}.Debug|x64.Build.0 = Debug|x64
		{15982E44-6A0A-46B6-B75E-40ADB2CF6C74}.Release|Any CPU.ActiveCfg = Release|x64
		{15982E44-6A0A-46B6-B75E-40ADB2CF6C74}.Release|Any CPU.Build.0 = Release|x64
		{15982E44-6A0A-46B6-B75E-40ADB2CF6C74}.Release|x64.ActiveCfg = Release|x64
		{15982E44-6A0A-46B6-B75E-40ADB2CF6C74}.Release|x64.Build.0 = Release|x64
		{64C1CFFD-B40D-4F65-BA6E-5F74BD3274B2}.Debug|Any CPU.ActiveCfg = Debug|x64
		{64C1CFFD-B40D-4F65-BA6E-5F74BD3274B2}.Debug|Any CPU.Build.0 = Debug|x64
		{64C1CFFD-B40D-4F65-BA6E-5F74BD3274B2}.Debug|x64.ActiveCfg = Debug|Any CPU
		{64C1CFFD-B40D-4F65-BA6E-5F74BD3274B2}.Debug|x64.Build.0 = Debug|Any CPU
		{64C1CFFD-B40D-4F65-BA6E-5F74BD3274B2}.Release|Any CPU.ActiveCfg = Release|x64
		{64C1CFFD-B40D-4F65-BA6E-5F74BD3274B2}.Release|Any CPU.Build.0 = Release|x64
		{64C1CFFD-B40D-4F65-BA6E-5F74BD3274B2}.Release|x64.ActiveCfg = Release|x64
		{64C1CFFD-B40D-4F65-BA6E-5F74BD3274B2}.Release|x64.Build.0 = Release|x64
		{EDB21728-6BCE-4621-AE12-31C5B2B2CD2E}.Debug|Any CPU.ActiveCfg = Debug|Any CPU
		{EDB21728-6BCE-4621-AE12-31C5B2B2CD2E}.Debug|Any CPU.Build.0 = Debug|Any CPU
		{EDB21728-6BCE-4621-AE12-31C5B2B2CD2E}.Debug|x64.ActiveCfg = Debug|Any CPU
		{EDB21728-6BCE-4621-AE12-31C5B2B2CD2E}.Debug|x64.Build.0 = Debug|Any CPU
		{EDB21728-6BCE-4621-AE12-31C5B2B2CD2E}.Release|Any CPU.ActiveCfg = Release|x64
		{EDB21728-6BCE-4621-AE12-31C5B2B2CD2E}.Release|Any CPU.Build.0 = Release|x64
		{EDB21728-6BCE-4621-AE12-31C5B2B2CD2E}.Release|x64.ActiveCfg = Release|x64
		{EDB21728-6BCE-4621-AE12-31C5B2B2CD2E}.Release|x64.Build.0 = Release|x64
		{F841EC15-4187-41F1-A30D-52CEFE53A8C8}.Debug|Any CPU.ActiveCfg = Debug|Any CPU
		{F841EC15-4187-41F1-A30D-52CEFE53A8C8}.Debug|Any CPU.Build.0 = Debug|Any CPU
		{F841EC15-4187-41F1-A30D-52CEFE53A8C8}.Debug|x64.ActiveCfg = Debug|Any CPU
		{F841EC15-4187-41F1-A30D-52CEFE53A8C8}.Debug|x64.Build.0 = Debug|Any CPU
		{F841EC15-4187-41F1-A30D-52CEFE53A8C8}.Release|Any CPU.ActiveCfg = Release|Any CPU
		{F841EC15-4187-41F1-A30D-52CEFE53A8C8}.Release|Any CPU.Build.0 = Release|Any CPU
		{F841EC15-4187-41F1-A30D-52CEFE53A8C8}.Release|x64.ActiveCfg = Release|Any CPU
		{F841EC15-4187-41F1-A30D-52CEFE53A8C8}.Release|x64.Build.0 = Release|Any CPU
		{20EE0F23-21CE-41B8-B6FD-AAFD3ADEC51D}.Debug|Any CPU.ActiveCfg = Debug|Any CPU
		{20EE0F23-21CE-41B8-B6FD-AAFD3ADEC51D}.Debug|Any CPU.Build.0 = Debug|Any CPU
		{20EE0F23-21CE-41B8-B6FD-AAFD3ADEC51D}.Debug|x64.ActiveCfg = Debug|Any CPU
		{20EE0F23-21CE-41B8-B6FD-AAFD3ADEC51D}.Debug|x64.Build.0 = Debug|Any CPU
		{20EE0F23-21CE-41B8-B6FD-AAFD3ADEC51D}.Release|Any CPU.ActiveCfg = Release|Any CPU
		{20EE0F23-21CE-41B8-B6FD-AAFD3ADEC51D}.Release|Any CPU.Build.0 = Release|Any CPU
		{20EE0F23-21CE-41B8-B6FD-AAFD3ADEC51D}.Release|x64.ActiveCfg = Release|Any CPU
		{20EE0F23-21CE-41B8-B6FD-AAFD3ADEC51D}.Release|x64.Build.0 = Release|Any CPU
	EndGlobalSection
	GlobalSection(SolutionProperties) = preSolution
		HideSolutionNode = FALSE
	EndGlobalSection
	GlobalSection(NestedProjects) = preSolution
		{10D51180-D653-4860-BD9A-72A763280A24} = {EE0BA2C5-3F12-4775-9FB5-994BFA1CA4A8}
		{7CC600ED-53B9-4D72-A1BC-982F9DD2D759} = {EE0BA2C5-3F12-4775-9FB5-994BFA1CA4A8}
		{06B46620-C1F8-42D7-B3A7-A82FCFB6926E} = {D96556BB-4820-43BB-AF00-7681F3D45F18}
		{DD8EF70E-BAFF-402C-AE4D-E631BD2869A0} = {D96556BB-4820-43BB-AF00-7681F3D45F18}
		{2F3C18A2-6629-485B-B92C-03A2D137FC48} = {6375658B-3446-491A-81ED-AF6217D83E5A}
		{15982E44-6A0A-46B6-B75E-40ADB2CF6C74} = {B88266AA-F20C-4A77-A01E-AE2FE6687831}
		{64C1CFFD-B40D-4F65-BA6E-5F74BD3274B2} = {6375658B-3446-491A-81ED-AF6217D83E5A}
		{EDB21728-6BCE-4621-AE12-31C5B2B2CD2E} = {EE0BA2C5-3F12-4775-9FB5-994BFA1CA4A8}
	EndGlobalSection
	GlobalSection(ExtensibilityGlobals) = postSolution
		SolutionGuid = {7812EED3-49F6-47D8-A08E-F2F75EC90964}
	EndGlobalSection
EndGlobal
